
Microsoft Visual Studio Solution File, Format Version 12.00
# Visual Studio 15
VisualStudioVersion = 15.0.28010.2016
MinimumVisualStudioVersion = 10.0.40219.1
Project("{FAE04EC0-301F-11D3-BF4B-00C04F79EFBC}") = "HW1", "HW1\HW1.csproj", "{EE884F81-E2D8-47D8-805F-029BF9CD1EBF}"
EndProject
Global
	GlobalSection(SolutionConfigurationPlatforms) = preSolution
		Debug|Any CPU = Debug|Any CPU
		Release|Any CPU = Release|Any CPU
	EndGlobalSection
	GlobalSection(ProjectConfigurationPlatforms) = postSolution
		{EE884F81-E2D8-47D8-805F-029BF9CD1EBF}.Debug|Any CPU.ActiveCfg = Debug|Any CPU
		{EE884F81-E2D8-47D8-805F-029BF9CD1EBF}.Debug|Any CPU.Build.0 = Debug|Any CPU
		{EE884F81-E2D8-47D8-805F-029BF9CD1EBF}.Release|Any CPU.ActiveCfg = Release|Any CPU
		{EE884F81-E2D8-47D8-805F-029BF9CD1EBF}.Release|Any CPU.Build.0 = Release|Any CPU
	EndGlobalSection
	GlobalSection(SolutionProperties) = preSolution
		HideSolutionNode = FALSE
	EndGlobalSection
	GlobalSection(ExtensibilityGlobals) = postSolution
		SolutionGuid = {816EBAF8-8260-4A1F-914A-99FF4EE0DE3C}
	EndGlobalSection
EndGlobal
