
Microsoft Visual Studio Solution File, Format Version 12.00
# Visual Studio 15
VisualStudioVersion = 15.0.28010.2016
MinimumVisualStudioVersion = 10.0.40219.1
Project("{FAE04EC0-301F-11D3-BF4B-00C04F79EFBC}") = "HW1", "HW1\HW1.csproj", "{EE884F81-E2D8-47D8-805F-029BF9CD1EBF}"
EndProject
Project("{FAE04EC0-301F-11D3-BF4B-00C04F79EFBC}") = "HW2", "HW2\HW2.csproj", "{873B813E-F0A9-4511-BB06-53B3904B49E2}"
EndProject
Project("{FAE04EC0-301F-11D3-BF4B-00C04F79EFBC}") = "HW3", "HW3\HW3.csproj", "{14D88F71-C858-4BBD-AF47-1376D6FD8AA5}"
EndProject
Project("{FAE04EC0-301F-11D3-BF4B-00C04F79EFBC}") = "IUR_p05", "IUR_p05\IUR_p05.csproj", "{9DEB1EF3-32E5-466A-8EE5-F9B526877029}"
EndProject
Project("{FAE04EC0-301F-11D3-BF4B-00C04F79EFBC}") = "HW5", "HW5\HW5.csproj", "{264AAD65-E470-41E9-A740-A0DD429D90F8}"
EndProject
Global
	GlobalSection(SolutionConfigurationPlatforms) = preSolution
		Debug|Any CPU = Debug|Any CPU
		Release|Any CPU = Release|Any CPU
	EndGlobalSection
	GlobalSection(ProjectConfigurationPlatforms) = postSolution
		{EE884F81-E2D8-47D8-805F-029BF9CD1EBF}.Debug|Any CPU.ActiveCfg = Debug|Any CPU
		{EE884F81-E2D8-47D8-805F-029BF9CD1EBF}.Debug|Any CPU.Build.0 = Debug|Any CPU
		{EE884F81-E2D8-47D8-805F-029BF9CD1EBF}.Release|Any CPU.ActiveCfg = Release|Any CPU
		{EE884F81-E2D8-47D8-805F-029BF9CD1EBF}.Release|Any CPU.Build.0 = Release|Any CPU
		{873B813E-F0A9-4511-BB06-53B3904B49E2}.Debug|Any CPU.ActiveCfg = Debug|Any CPU
		{873B813E-F0A9-4511-BB06-53B3904B49E2}.Debug|Any CPU.Build.0 = Debug|Any CPU
		{873B813E-F0A9-4511-BB06-53B3904B49E2}.Release|Any CPU.ActiveCfg = Release|Any CPU
		{873B813E-F0A9-4511-BB06-53B3904B49E2}.Release|Any CPU.Build.0 = Release|Any CPU
		{14D88F71-C858-4BBD-AF47-1376D6FD8AA5}.Debug|Any CPU.ActiveCfg = Debug|Any CPU
		{14D88F71-C858-4BBD-AF47-1376D6FD8AA5}.Debug|Any CPU.Build.0 = Debug|Any CPU
		{14D88F71-C858-4BBD-AF47-1376D6FD8AA5}.Release|Any CPU.ActiveCfg = Release|Any CPU
		{14D88F71-C858-4BBD-AF47-1376D6FD8AA5}.Release|Any CPU.Build.0 = Release|Any CPU
		{9DEB1EF3-32E5-466A-8EE5-F9B526877029}.Debug|Any CPU.ActiveCfg = Debug|Any CPU
		{9DEB1EF3-32E5-466A-8EE5-F9B526877029}.Debug|Any CPU.Build.0 = Debug|Any CPU
		{9DEB1EF3-32E5-466A-8EE5-F9B526877029}.Release|Any CPU.ActiveCfg = Release|Any CPU
		{9DEB1EF3-32E5-466A-8EE5-F9B526877029}.Release|Any CPU.Build.0 = Release|Any CPU
		{264AAD65-E470-41E9-A740-A0DD429D90F8}.Debug|Any CPU.ActiveCfg = Debug|Any CPU
		{264AAD65-E470-41E9-A740-A0DD429D90F8}.Debug|Any CPU.Build.0 = Debug|Any CPU
		{264AAD65-E470-41E9-A740-A0DD429D90F8}.Release|Any CPU.ActiveCfg = Release|Any CPU
		{264AAD65-E470-41E9-A740-A0DD429D90F8}.Release|Any CPU.Build.0 = Release|Any CPU
	EndGlobalSection
	GlobalSection(SolutionProperties) = preSolution
		HideSolutionNode = FALSE
	EndGlobalSection
	GlobalSection(ExtensibilityGlobals) = postSolution
		SolutionGuid = {816EBAF8-8260-4A1F-914A-99FF4EE0DE3C}
	EndGlobalSection
EndGlobal
